{
  "name": "post-text-message",
  "version": "1.0.0",
  "lockfileVersion": 2,
  "requires": true,
  "packages": {
    "": {
      "name": "post-text-message",
      "version": "1.0.0",
      "license": "SEE LICENSE IN /LICENSE",
      "dependencies": {
        "chat-backend-package": "file:../../../chat-backend-package"
      }
    },
    "../../../chat-backend-package": {
      "version": "1.0.0",
      "license": "SEE LICENSE IN /LICENSE",
      "dependencies": {
        "@aws-sdk/client-apigatewaymanagementapi": "^3.194.0",
        "@aws-sdk/client-dynamodb": "^3.194.0",
        "@aws-sdk/client-s3": "^3.272.0",
        "@aws-sdk/lib-dynamodb": "^3.194.0",
        "firebase-admin": "^11.4.1"
      }
    },
    "node_modules/chat-backend-package": {
      "resolved": "../../../chat-backend-package",
      "link": true
    }
  },
  "dependencies": {
    "chat-backend-package": {
      "version": "file:../../../chat-backend-package",
      "requires": {
        "@aws-sdk/client-apigatewaymanagementapi": "^3.194.0",
        "@aws-sdk/client-dynamodb": "^3.194.0",
        "@aws-sdk/client-s3": "^3.272.0",
        "@aws-sdk/lib-dynamodb": "^3.194.0",
        "firebase-admin": "^11.4.1"
      }
    }
  }
}
