{
  "name": "nodejs",
  "lockfileVersion": 2,
  "requires": true,
  "packages": {
    "": {
      "dependencies": {
        "helpers": "file:../../helpers"
      }
    },
    "../../helpers": {
      "version": "1.0.0",
      "license": "MIT"
    },
    "node_modules/helpers": {
      "resolved": "../../helpers",
      "link": true
    }
  },
  "dependencies": {
    "helpers": {
      "version": "file:../../helpers"
    }
  }
}
