{
  "name": "nodejs",
  "lockfileVersion": 2,
  "requires": true,
  "packages": {
    "": {
      "dependencies": {
        "helpers": "file:../../helpers"
      }
    },
    "../../helpers": {
      "version": "1.0.0",
      "license": "MIT",
      "dependencies": {
        "@aws-sdk/client-apigatewaymanagementapi": "^3.72.0",
        "@aws-sdk/client-dynamodb": "^3.72.0",
        "@aws-sdk/client-lambda": "^3.72.0",
        "@aws-sdk/lib-dynamodb": "^3.72.0"
      }
    },
    "node_modules/helpers": {
      "resolved": "../../helpers",
      "link": true
    }
  },
  "dependencies": {
    "helpers": {
      "version": "file:../../helpers",
      "requires": {
        "@aws-sdk/client-apigatewaymanagementapi": "^3.72.0",
        "@aws-sdk/client-dynamodb": "^3.72.0",
        "@aws-sdk/client-lambda": "^3.72.0",
        "@aws-sdk/lib-dynamodb": "^3.72.0"
      }
    }
  }
}
