{
  "name": "nodejs",
  "lockfileVersion": 2,
  "requires": true,
  "packages": {
    "": {
      "dependencies": {
        "notification": "file:../../notification"
      }
    },
    "../../notification": {
      "version": "1.0.0",
      "license": "MIT",
      "dependencies": {
        "firebase-admin": "^10.0.2"
      }
    },
    "node_modules/notification": {
      "resolved": "../../notification",
      "link": true
    }
  },
  "dependencies": {
    "notification": {
      "version": "file:../../notification",
      "requires": {
        "firebase-admin": "^10.0.2"
      }
    }
  }
}
